
Microsoft Visual Studio Solution File, Format Version 12.00
# Visual Studio Version 17
VisualStudioVersion = 17.9.34902.65
MinimumVisualStudioVersion = 10.0.40219.1
Project("{FAE04EC0-301F-11D3-BF4B-00C04F79EFBC}") = "OperadoresDeComparacaoCsharp", "OperadoresDeComparacaoCsharp.csproj", "{F8C2C326-8397-45C7-82D0-AB54032B4FC5}"
EndProject
Global
	GlobalSection(SolutionConfigurationPlatforms) = preSolution
		Debug|Any CPU = Debug|Any CPU
		Release|Any CPU = Release|Any CPU
	EndGlobalSection
	GlobalSection(ProjectConfigurationPlatforms) = postSolution
		{F8C2C326-8397-45C7-82D0-AB54032B4FC5}.Debug|Any CPU.ActiveCfg = Debug|Any CPU
		{F8C2C326-8397-45C7-82D0-AB54032B4FC5}.Debug|Any CPU.Build.0 = Debug|Any CPU
		{F8C2C326-8397-45C7-82D0-AB54032B4FC5}.Release|Any CPU.ActiveCfg = Release|Any CPU
		{F8C2C326-8397-45C7-82D0-AB54032B4FC5}.Release|Any CPU.Build.0 = Release|Any CPU
	EndGlobalSection
	GlobalSection(SolutionProperties) = preSolution
		HideSolutionNode = FALSE
	EndGlobalSection
	GlobalSection(ExtensibilityGlobals) = postSolution
		SolutionGuid = {A4D6AF08-B8A5-495A-93DD-6B1DF7ACEAB3}
	EndGlobalSection
EndGlobal
